
Microsoft Visual Studio Solution File, Format Version 12.00
# Visual Studio 15
VisualStudioVersion = 15.0.28307.271
MinimumVisualStudioVersion = 10.0.40219.1
Project("{FAE04EC0-301F-11D3-BF4B-00C04F79EFBC}") = "PlotPlanning", "PlotPlanning\PlotPlanning.csproj", "{5E13A49B-9817-4A0E-B5F4-54F612FD1F15}"
EndProject
Project("{FAE04EC0-301F-11D3-BF4B-00C04F79EFBC}") = "GeometryBase", "GeometryBase\GeometryBase.csproj", "{E92B494C-DA05-4B26-BB3E-883425470905}"
EndProject
Global
	GlobalSection(SolutionConfigurationPlatforms) = preSolution
		Debug|Any CPU = Debug|Any CPU
		Release|Any CPU = Release|Any CPU
	EndGlobalSection
	GlobalSection(ProjectConfigurationPlatforms) = postSolution
		{5E13A49B-9817-4A0E-B5F4-54F612FD1F15}.Debug|Any CPU.ActiveCfg = Debug|Any CPU
		{5E13A49B-9817-4A0E-B5F4-54F612FD1F15}.Debug|Any CPU.Build.0 = Debug|Any CPU
		{5E13A49B-9817-4A0E-B5F4-54F612FD1F15}.Release|Any CPU.ActiveCfg = Release|Any CPU
		{5E13A49B-9817-4A0E-B5F4-54F612FD1F15}.Release|Any CPU.Build.0 = Release|Any CPU
		{E92B494C-DA05-4B26-BB3E-883425470905}.Debug|Any CPU.ActiveCfg = Debug|Any CPU
		{E92B494C-DA05-4B26-BB3E-883425470905}.Debug|Any CPU.Build.0 = Debug|Any CPU
		{E92B494C-DA05-4B26-BB3E-883425470905}.Release|Any CPU.ActiveCfg = Release|Any CPU
		{E92B494C-DA05-4B26-BB3E-883425470905}.Release|Any CPU.Build.0 = Release|Any CPU
	EndGlobalSection
	GlobalSection(SolutionProperties) = preSolution
		HideSolutionNode = FALSE
	EndGlobalSection
	GlobalSection(ExtensibilityGlobals) = postSolution
		SolutionGuid = {9057B527-1E31-4BC3-8595-DEBE1C05F449}
	EndGlobalSection
EndGlobal
