
Microsoft Visual Studio Solution File, Format Version 12.00
# Visual Studio Version 16
VisualStudioVersion = 16.0.29009.5
MinimumVisualStudioVersion = 10.0.40219.1
Project("{FAE04EC0-301F-11D3-BF4B-00C04F79EFBC}") = "GrasshopperTools", "PlotPlanning\GrasshopperTools.csproj", "{5E13A49B-9817-4A0E-B5F4-54F612FD1F15}"
	ProjectSection(ProjectDependencies) = postProject
		{B06AFE53-041F-485F-8F83-9AE8106CFA91} = {B06AFE53-041F-485F-8F83-9AE8106CFA91}
	EndProjectSection
EndProject
Project("{FAE04EC0-301F-11D3-BF4B-00C04F79EFBC}") = "ObjectModel", "ObjectModel\ObjectModel.csproj", "{8F42B30C-B19F-4E4B-B990-BB4D4150AB1A}"
EndProject
Project("{FAE04EC0-301F-11D3-BF4B-00C04F79EFBC}") = "Engine", "Engine\Engine.csproj", "{B06AFE53-041F-485F-8F83-9AE8106CFA91}"
EndProject
Global
	GlobalSection(SolutionConfigurationPlatforms) = preSolution
		Debug|Any CPU = Debug|Any CPU
		Release|Any CPU = Release|Any CPU
	EndGlobalSection
	GlobalSection(ProjectConfigurationPlatforms) = postSolution
		{5E13A49B-9817-4A0E-B5F4-54F612FD1F15}.Debug|Any CPU.ActiveCfg = Debug|Any CPU
		{5E13A49B-9817-4A0E-B5F4-54F612FD1F15}.Debug|Any CPU.Build.0 = Debug|Any CPU
		{5E13A49B-9817-4A0E-B5F4-54F612FD1F15}.Release|Any CPU.ActiveCfg = Debug|Any CPU
		{5E13A49B-9817-4A0E-B5F4-54F612FD1F15}.Release|Any CPU.Build.0 = Debug|Any CPU
		{8F42B30C-B19F-4E4B-B990-BB4D4150AB1A}.Debug|Any CPU.ActiveCfg = Debug|Any CPU
		{8F42B30C-B19F-4E4B-B990-BB4D4150AB1A}.Debug|Any CPU.Build.0 = Debug|Any CPU
		{8F42B30C-B19F-4E4B-B990-BB4D4150AB1A}.Release|Any CPU.ActiveCfg = Release|Any CPU
		{8F42B30C-B19F-4E4B-B990-BB4D4150AB1A}.Release|Any CPU.Build.0 = Release|Any CPU
		{B06AFE53-041F-485F-8F83-9AE8106CFA91}.Debug|Any CPU.ActiveCfg = Debug|Any CPU
		{B06AFE53-041F-485F-8F83-9AE8106CFA91}.Debug|Any CPU.Build.0 = Debug|Any CPU
		{B06AFE53-041F-485F-8F83-9AE8106CFA91}.Release|Any CPU.ActiveCfg = Release|Any CPU
		{B06AFE53-041F-485F-8F83-9AE8106CFA91}.Release|Any CPU.Build.0 = Release|Any CPU
	EndGlobalSection
	GlobalSection(SolutionProperties) = preSolution
		HideSolutionNode = FALSE
	EndGlobalSection
	GlobalSection(ExtensibilityGlobals) = postSolution
		SolutionGuid = {9057B527-1E31-4BC3-8595-DEBE1C05F449}
	EndGlobalSection
EndGlobal
